
Microsoft Visual Studio Solution File, Format Version 12.00
# Visual Studio Version 17
VisualStudioVersion = 17.8.34309.116
MinimumVisualStudioVersion = 10.0.40219.1
Project("{FAE04EC0-301F-11D3-BF4B-00C04F79EFBC}") = "AdventOfCode2023Day1", "AdventOfCode2023Day1.csproj", "{AA9E9A15-752E-4576-B41E-64463981E4FB}"
EndProject
Global
	GlobalSection(SolutionConfigurationPlatforms) = preSolution
		Debug|Any CPU = Debug|Any CPU
		Release|Any CPU = Release|Any CPU
	EndGlobalSection
	GlobalSection(ProjectConfigurationPlatforms) = postSolution
		{AA9E9A15-752E-4576-B41E-64463981E4FB}.Debug|Any CPU.ActiveCfg = Debug|Any CPU
		{AA9E9A15-752E-4576-B41E-64463981E4FB}.Debug|Any CPU.Build.0 = Debug|Any CPU
		{AA9E9A15-752E-4576-B41E-64463981E4FB}.Release|Any CPU.ActiveCfg = Release|Any CPU
		{AA9E9A15-752E-4576-B41E-64463981E4FB}.Release|Any CPU.Build.0 = Release|Any CPU
	EndGlobalSection
	GlobalSection(SolutionProperties) = preSolution
		HideSolutionNode = FALSE
	EndGlobalSection
	GlobalSection(ExtensibilityGlobals) = postSolution
		SolutionGuid = {5D114FC6-010E-4395-B2A4-56E00680092C}
	EndGlobalSection
EndGlobal
